
Microsoft Visual Studio Solution File, Format Version 12.00
# Visual Studio 15
VisualStudioVersion = 15.0.28307.539
MinimumVisualStudioVersion = 10.0.40219.1
Project("{FAE04EC0-301F-11D3-BF4B-00C04F79EFBC}") = "ohbookstore.Application", "src\ohbookstore.Application\ohbookstore.Application.csproj", "{565EABB2-69F8-45D8-9B46-9F6EDE058707}"
EndProject
Project("{FAE04EC0-301F-11D3-BF4B-00C04F79EFBC}") = "ohbookstore.Domain", "src\ohbookstore.Domain\ohbookstore.Domain.csproj", "{02C4D633-B1FD-4BE0-8DF9-66EF7C9AF967}"
EndProject
Project("{FAE04EC0-301F-11D3-BF4B-00C04F79EFBC}") = "ohbookstore.Infrastructure", "src\ohbookstore.Infrastructure\ohbookstore.Infrastructure.csproj", "{E1CFC945-CF68-4E1C-9157-D5A039AF93DC}"
EndProject
Project("{2150E333-8FDC-42A3-9474-1A3956D46DE8}") = "src", "src", "{DD10FECE-2DAC-429A-8D1D-3D2E96A7E40E}"
EndProject
Project("{FAE04EC0-301F-11D3-BF4B-00C04F79EFBC}") = "ohbookstore.WebApi", "src\ohbookstore.WebApi\ohbookstore.WebApi.csproj", "{24EAB1A9-B972-4872-A160-D5F479B0E358}"
EndProject
Global
	GlobalSection(SolutionConfigurationPlatforms) = preSolution
		Debug|Any CPU = Debug|Any CPU
		Release|Any CPU = Release|Any CPU
	EndGlobalSection
	GlobalSection(ProjectConfigurationPlatforms) = postSolution
		{565EABB2-69F8-45D8-9B46-9F6EDE058707}.Debug|Any CPU.ActiveCfg = Debug|Any CPU
		{565EABB2-69F8-45D8-9B46-9F6EDE058707}.Debug|Any CPU.Build.0 = Debug|Any CPU
		{565EABB2-69F8-45D8-9B46-9F6EDE058707}.Release|Any CPU.ActiveCfg = Release|Any CPU
		{565EABB2-69F8-45D8-9B46-9F6EDE058707}.Release|Any CPU.Build.0 = Release|Any CPU
		{02C4D633-B1FD-4BE0-8DF9-66EF7C9AF967}.Debug|Any CPU.ActiveCfg = Debug|Any CPU
		{02C4D633-B1FD-4BE0-8DF9-66EF7C9AF967}.Debug|Any CPU.Build.0 = Debug|Any CPU
		{02C4D633-B1FD-4BE0-8DF9-66EF7C9AF967}.Release|Any CPU.ActiveCfg = Release|Any CPU
		{02C4D633-B1FD-4BE0-8DF9-66EF7C9AF967}.Release|Any CPU.Build.0 = Release|Any CPU
		{E1CFC945-CF68-4E1C-9157-D5A039AF93DC}.Debug|Any CPU.ActiveCfg = Debug|Any CPU
		{E1CFC945-CF68-4E1C-9157-D5A039AF93DC}.Debug|Any CPU.Build.0 = Debug|Any CPU
		{E1CFC945-CF68-4E1C-9157-D5A039AF93DC}.Release|Any CPU.ActiveCfg = Release|Any CPU
		{E1CFC945-CF68-4E1C-9157-D5A039AF93DC}.Release|Any CPU.Build.0 = Release|Any CPU
		{24EAB1A9-B972-4872-A160-D5F479B0E358}.Debug|Any CPU.ActiveCfg = Debug|Any CPU
		{24EAB1A9-B972-4872-A160-D5F479B0E358}.Debug|Any CPU.Build.0 = Debug|Any CPU
		{24EAB1A9-B972-4872-A160-D5F479B0E358}.Release|Any CPU.ActiveCfg = Release|Any CPU
		{24EAB1A9-B972-4872-A160-D5F479B0E358}.Release|Any CPU.Build.0 = Release|Any CPU
	EndGlobalSection
	GlobalSection(SolutionProperties) = preSolution
		HideSolutionNode = FALSE
	EndGlobalSection
	GlobalSection(NestedProjects) = preSolution
		{565EABB2-69F8-45D8-9B46-9F6EDE058707} = {DD10FECE-2DAC-429A-8D1D-3D2E96A7E40E}
		{02C4D633-B1FD-4BE0-8DF9-66EF7C9AF967} = {DD10FECE-2DAC-429A-8D1D-3D2E96A7E40E}
		{E1CFC945-CF68-4E1C-9157-D5A039AF93DC} = {DD10FECE-2DAC-429A-8D1D-3D2E96A7E40E}
		{24EAB1A9-B972-4872-A160-D5F479B0E358} = {DD10FECE-2DAC-429A-8D1D-3D2E96A7E40E}
	EndGlobalSection
	GlobalSection(ExtensibilityGlobals) = postSolution
		SolutionGuid = {6F7D2600-D699-45C0-967D-FBA6AF7E2261}
	EndGlobalSection
EndGlobal
